// !$*UTF8*$!
{
	archiveVersion = 1;
	classes = {
	};
	objectVersion = 56;
	objects = {

/* Begin PBXBuildFile section */
		0B064B692B1FF5720077DA04 /* int_column.cpp in Sources */ = {isa = PBXBuildFile; fileRef = 0B064B672B1FF5720077DA04 /* int_column.cpp */; };
		0B064B6C2B2000AB0077DA04 /* string_column.cpp in Sources */ = {isa = PBXBuildFile; fileRef = 0B064B6A2B2000AB0077DA04 /* string_column.cpp */; };
		0B064B822B2514A60077DA04 /* data_type_exception.cpp in Sources */ = {isa = PBXBuildFile; fileRef = 0B064B802B2514A60077DA04 /* data_type_exception.cpp */; };
		0BC283D82B011A5400B10B33 /* main.cpp in Sources */ = {isa = PBXBuildFile; fileRef = 0BC283D72B011A5400B10B33 /* main.cpp */; };
		0BC283E02B011BE900B10B33 /* data_frame.cpp in Sources */ = {isa = PBXBuildFile; fileRef = 0BC283DE2B011BE900B10B33 /* data_frame.cpp */; };
		0BC284422B081A7000B10B33 /* list_node.cpp in Sources */ = {isa = PBXBuildFile; fileRef = 0BC284402B081A7000B10B33 /* list_node.cpp */; };
		0BC284482B081AF400B10B33 /* linkedList.cpp in Sources */ = {isa = PBXBuildFile; fileRef = 0BC284462B081AF400B10B33 /* linkedList.cpp */; };
		0BC2844B2B081DE400B10B33 /* hash_table.cpp in Sources */ = {isa = PBXBuildFile; fileRef = 0BC284492B081DE400B10B33 /* hash_table.cpp */; };
		0BC2844E2B096F7800B10B33 /* column.cpp in Sources */ = {isa = PBXBuildFile; fileRef = 0BC2844C2B096F7800B10B33 /* column.cpp */; };
		0BC2848A2B13BB5D00B10B33 /* abstract_column.cpp in Sources */ = {isa = PBXBuildFile; fileRef = 0BC284882B13BB5D00B10B33 /* abstract_column.cpp */; };
/* End PBXBuildFile section */

/* Begin PBXCopyFilesBuildPhase section */
		0BC283D22B011A5400B10B33 /* CopyFiles */ = {
			isa = PBXCopyFilesBuildPhase;
			buildActionMask = 2147483647;
			dstPath = /usr/share/man/man1/;
			dstSubfolderSpec = 0;
			files = (
			);
			runOnlyForDeploymentPostprocessing = 1;
		};
/* End PBXCopyFilesBuildPhase section */

/* Begin PBXFileReference section */
		0B064B672B1FF5720077DA04 /* int_column.cpp */ = {isa = PBXFileReference; lastKnownFileType = sourcecode.cpp.cpp; path = int_column.cpp; sourceTree = "<group>"; };
		0B064B682B1FF5720077DA04 /* int_column.hpp */ = {isa = PBXFileReference; lastKnownFileType = sourcecode.cpp.h; path = int_column.hpp; sourceTree = "<group>"; };
		0B064B6A2B2000AB0077DA04 /* string_column.cpp */ = {isa = PBXFileReference; lastKnownFileType = sourcecode.cpp.cpp; path = string_column.cpp; sourceTree = "<group>"; };
		0B064B6B2B2000AB0077DA04 /* string_column.hpp */ = {isa = PBXFileReference; lastKnownFileType = sourcecode.cpp.h; path = string_column.hpp; sourceTree = "<group>"; };
		0B064B802B2514A60077DA04 /* data_type_exception.cpp */ = {isa = PBXFileReference; lastKnownFileType = sourcecode.cpp.cpp; path = data_type_exception.cpp; sourceTree = "<group>"; };
		0B064B812B2514A60077DA04 /* data_type_exception.hpp */ = {isa = PBXFileReference; lastKnownFileType = sourcecode.cpp.h; path = data_type_exception.hpp; sourceTree = "<group>"; };
		0BC283D42B011A5400B10B33 /* data_frame */ = {isa = PBXFileReference; explicitFileType = "compiled.mach-o.executable"; includeInIndex = 0; path = data_frame; sourceTree = BUILT_PRODUCTS_DIR; };
		0BC283D72B011A5400B10B33 /* main.cpp */ = {isa = PBXFileReference; lastKnownFileType = sourcecode.cpp.cpp; path = main.cpp; sourceTree = "<group>"; };
		0BC283DE2B011BE900B10B33 /* data_frame.cpp */ = {isa = PBXFileReference; lastKnownFileType = sourcecode.cpp.cpp; path = data_frame.cpp; sourceTree = "<group>"; };
		0BC283DF2B011BE900B10B33 /* data_frame.hpp */ = {isa = PBXFileReference; lastKnownFileType = sourcecode.cpp.h; path = data_frame.hpp; sourceTree = "<group>"; };
		0BC284402B081A7000B10B33 /* list_node.cpp */ = {isa = PBXFileReference; lastKnownFileType = sourcecode.cpp.cpp; path = list_node.cpp; sourceTree = "<group>"; };
		0BC284412B081A7000B10B33 /* list_node.hpp */ = {isa = PBXFileReference; lastKnownFileType = sourcecode.cpp.h; path = list_node.hpp; sourceTree = "<group>"; };
		0BC284462B081AF400B10B33 /* linkedList.cpp */ = {isa = PBXFileReference; lastKnownFileType = sourcecode.cpp.cpp; path = linkedList.cpp; sourceTree = "<group>"; };
		0BC284472B081AF400B10B33 /* linkedList.hpp */ = {isa = PBXFileReference; lastKnownFileType = sourcecode.cpp.h; path = linkedList.hpp; sourceTree = "<group>"; };
		0BC284492B081DE400B10B33 /* hash_table.cpp */ = {isa = PBXFileReference; lastKnownFileType = sourcecode.cpp.cpp; path = hash_table.cpp; sourceTree = "<group>"; };
		0BC2844A2B081DE400B10B33 /* hash_table.hpp */ = {isa = PBXFileReference; lastKnownFileType = sourcecode.cpp.h; path = hash_table.hpp; sourceTree = "<group>"; };
		0BC2844C2B096F7800B10B33 /* column.cpp */ = {isa = PBXFileReference; lastKnownFileType = sourcecode.cpp.cpp; path = column.cpp; sourceTree = "<group>"; };
		0BC2844D2B096F7800B10B33 /* column.hpp */ = {isa = PBXFileReference; lastKnownFileType = sourcecode.cpp.h; path = column.hpp; sourceTree = "<group>"; };
		0BC284882B13BB5D00B10B33 /* abstract_column.cpp */ = {isa = PBXFileReference; lastKnownFileType = sourcecode.cpp.cpp; path = abstract_column.cpp; sourceTree = "<group>"; };
		0BC284892B13BB5D00B10B33 /* abstract_column.hpp */ = {isa = PBXFileReference; lastKnownFileType = sourcecode.cpp.h; path = abstract_column.hpp; sourceTree = "<group>"; };
/* End PBXFileReference section */

/* Begin PBXFrameworksBuildPhase section */
		0BC283D12B011A5400B10B33 /* Frameworks */ = {
			isa = PBXFrameworksBuildPhase;
			buildActionMask = 2147483647;
			files = (
			);
			runOnlyForDeploymentPostprocessing = 0;
		};
/* End PBXFrameworksBuildPhase section */

/* Begin PBXGroup section */
		0BC283CB2B011A5400B10B33 = {
			isa = PBXGroup;
			children = (
				0BC283D62B011A5400B10B33 /* data_frame */,
				0BC283D52B011A5400B10B33 /* Products */,
			);
			sourceTree = "<group>";
		};
		0BC283D52B011A5400B10B33 /* Products */ = {
			isa = PBXGroup;
			children = (
				0BC283D42B011A5400B10B33 /* data_frame */,
			);
			name = Products;
			sourceTree = "<group>";
		};
		0BC283D62B011A5400B10B33 /* data_frame */ = {
			isa = PBXGroup;
			children = (
				0BC283D72B011A5400B10B33 /* main.cpp */,
				0BC284402B081A7000B10B33 /* list_node.cpp */,
				0BC284462B081AF400B10B33 /* linkedList.cpp */,
				0BC284492B081DE400B10B33 /* hash_table.cpp */,
				0BC283DE2B011BE900B10B33 /* data_frame.cpp */,
				0BC2844C2B096F7800B10B33 /* column.cpp */,
				0BC284882B13BB5D00B10B33 /* abstract_column.cpp */,
				0B064B672B1FF5720077DA04 /* int_column.cpp */,
				0B064B6A2B2000AB0077DA04 /* string_column.cpp */,
				0B064B802B2514A60077DA04 /* data_type_exception.cpp */,
				0BC284412B081A7000B10B33 /* list_node.hpp */,
				0BC2844A2B081DE400B10B33 /* hash_table.hpp */,
				0BC284472B081AF400B10B33 /* linkedList.hpp */,
				0B064B812B2514A60077DA04 /* data_type_exception.hpp */,
				0BC283DF2B011BE900B10B33 /* data_frame.hpp */,
				0BC2844D2B096F7800B10B33 /* column.hpp */,
				0BC284892B13BB5D00B10B33 /* abstract_column.hpp */,
				0B064B682B1FF5720077DA04 /* int_column.hpp */,
				0B064B6B2B2000AB0077DA04 /* string_column.hpp */,
			);
			path = data_frame;
			sourceTree = "<group>";
		};
/* End PBXGroup section */

/* Begin PBXNativeTarget section */
		0BC283D32B011A5400B10B33 /* data_frame */ = {
			isa = PBXNativeTarget;
			buildConfigurationList = 0BC283DB2B011A5400B10B33 /* Build configuration list for PBXNativeTarget "data_frame" */;
			buildPhases = (
				0BC283D02B011A5400B10B33 /* Sources */,
				0BC283D12B011A5400B10B33 /* Frameworks */,
				0BC283D22B011A5400B10B33 /* CopyFiles */,
			);
			buildRules = (
			);
			dependencies = (
			);
			name = data_frame;
			productName = data_frame;
			productReference = 0BC283D42B011A5400B10B33 /* data_frame */;
			productType = "com.apple.product-type.tool";
		};
/* End PBXNativeTarget section */

/* Begin PBXProject section */
		0BC283CC2B011A5400B10B33 /* Project object */ = {
			isa = PBXProject;
			attributes = {
				BuildIndependentTargetsInParallel = 1;
				LastUpgradeCheck = 1500;
				TargetAttributes = {
					0BC283D32B011A5400B10B33 = {
						CreatedOnToolsVersion = 15.0.1;
					};
				};
			};
			buildConfigurationList = 0BC283CF2B011A5400B10B33 /* Build configuration list for PBXProject "data_frame" */;
			compatibilityVersion = "Xcode 14.0";
			developmentRegion = en;
			hasScannedForEncodings = 0;
			knownRegions = (
				en,
				Base,
			);
			mainGroup = 0BC283CB2B011A5400B10B33;
			productRefGroup = 0BC283D52B011A5400B10B33 /* Products */;
			projectDirPath = "";
			projectRoot = "";
			targets = (
				0BC283D32B011A5400B10B33 /* data_frame */,
			);
		};
/* End PBXProject section */

/* Begin PBXSourcesBuildPhase section */
		0BC283D02B011A5400B10B33 /* Sources */ = {
			isa = PBXSourcesBuildPhase;
			buildActionMask = 2147483647;
			files = (
				0BC283D82B011A5400B10B33 /* main.cpp in Sources */,
				0BC2848A2B13BB5D00B10B33 /* abstract_column.cpp in Sources */,
				0BC284482B081AF400B10B33 /* linkedList.cpp in Sources */,
				0B064B6C2B2000AB0077DA04 /* string_column.cpp in Sources */,
				0BC283E02B011BE900B10B33 /* data_frame.cpp in Sources */,
				0B064B822B2514A60077DA04 /* data_type_exception.cpp in Sources */,
				0BC2844E2B096F7800B10B33 /* column.cpp in Sources */,
				0BC2844B2B081DE400B10B33 /* hash_table.cpp in Sources */,
				0BC284422B081A7000B10B33 /* list_node.cpp in Sources */,
				0B064B692B1FF5720077DA04 /* int_column.cpp in Sources */,
			);
			runOnlyForDeploymentPostprocessing = 0;
		};
/* End PBXSourcesBuildPhase section */

/* Begin XCBuildConfiguration section */
		0BC283D92B011A5400B10B33 /* Debug */ = {
			isa = XCBuildConfiguration;
			buildSettings = {
				ALWAYS_SEARCH_USER_PATHS = NO;
				ASSETCATALOG_COMPILER_GENERATE_SWIFT_ASSET_SYMBOL_EXTENSIONS = YES;
				CLANG_ANALYZER_NONNULL = YES;
				CLANG_ANALYZER_NUMBER_OBJECT_CONVERSION = YES_AGGRESSIVE;
				CLANG_CXX_LANGUAGE_STANDARD = "gnu++20";
				CLANG_ENABLE_MODULES = YES;
				CLANG_ENABLE_OBJC_ARC = YES;
				CLANG_ENABLE_OBJC_WEAK = YES;
				CLANG_WARN_BLOCK_CAPTURE_AUTORELEASING = YES;
				CLANG_WARN_BOOL_CONVERSION = YES;
				CLANG_WARN_COMMA = YES;
				CLANG_WARN_CONSTANT_CONVERSION = YES;
				CLANG_WARN_DEPRECATED_OBJC_IMPLEMENTATIONS = YES;
				CLANG_WARN_DIRECT_OBJC_ISA_USAGE = YES_ERROR;
				CLANG_WARN_DOCUMENTATION_COMMENTS = YES;
				CLANG_WARN_EMPTY_BODY = YES;
				CLANG_WARN_ENUM_CONVERSION = YES;
				CLANG_WARN_INFINITE_RECURSION = YES;
				CLANG_WARN_INT_CONVERSION = YES;
				CLANG_WARN_NON_LITERAL_NULL_CONVERSION = YES;
				CLANG_WARN_OBJC_IMPLICIT_RETAIN_SELF = YES;
				CLANG_WARN_OBJC_LITERAL_CONVERSION = YES;
				CLANG_WARN_OBJC_ROOT_CLASS = YES_ERROR;
				CLANG_WARN_QUOTED_INCLUDE_IN_FRAMEWORK_HEADER = YES;
				CLANG_WARN_RANGE_LOOP_ANALYSIS = YES;
				CLANG_WARN_STRICT_PROTOTYPES = YES;
				CLANG_WARN_SUSPICIOUS_MOVE = YES;
				CLANG_WARN_UNGUARDED_AVAILABILITY = YES_AGGRESSIVE;
				CLANG_WARN_UNREACHABLE_CODE = YES;
				CLANG_WARN__DUPLICATE_METHOD_MATCH = YES;
				COPY_PHASE_STRIP = NO;
				DEBUG_INFORMATION_FORMAT = dwarf;
				ENABLE_STRICT_OBJC_MSGSEND = YES;
				ENABLE_TESTABILITY = YES;
				ENABLE_USER_SCRIPT_SANDBOXING = YES;
				GCC_C_LANGUAGE_STANDARD = gnu17;
				GCC_DYNAMIC_NO_PIC = NO;
				GCC_NO_COMMON_BLOCKS = YES;
				GCC_OPTIMIZATION_LEVEL = 0;
				GCC_PREPROCESSOR_DEFINITIONS = (
					"DEBUG=1",
					"$(inherited)",
				);
				GCC_WARN_64_TO_32_BIT_CONVERSION = YES;
				GCC_WARN_ABOUT_RETURN_TYPE = YES_ERROR;
				GCC_WARN_UNDECLARED_SELECTOR = YES;
				GCC_WARN_UNINITIALIZED_AUTOS = YES_AGGRESSIVE;
				GCC_WARN_UNUSED_FUNCTION = YES;
				GCC_WARN_UNUSED_VARIABLE = YES;
				LOCALIZATION_PREFERS_STRING_CATALOGS = YES;
				MACOSX_DEPLOYMENT_TARGET = 14.0;
				MTL_ENABLE_DEBUG_INFO = INCLUDE_SOURCE;
				MTL_FAST_MATH = YES;
				ONLY_ACTIVE_ARCH = YES;
				SDKROOT = macosx;
			};
			name = Debug;
		};
		0BC283DA2B011A5400B10B33 /* Release */ = {
			isa = XCBuildConfiguration;
			buildSettings = {
				ALWAYS_SEARCH_USER_PATHS = NO;
				ASSETCATALOG_COMPILER_GENERATE_SWIFT_ASSET_SYMBOL_EXTENSIONS = YES;
				CLANG_ANALYZER_NONNULL = YES;
				CLANG_ANALYZER_NUMBER_OBJECT_CONVERSION = YES_AGGRESSIVE;
				CLANG_CXX_LANGUAGE_STANDARD = "gnu++20";
				CLANG_ENABLE_MODULES = YES;
				CLANG_ENABLE_OBJC_ARC = YES;
				CLANG_ENABLE_OBJC_WEAK = YES;
				CLANG_WARN_BLOCK_CAPTURE_AUTORELEASING = YES;
				CLANG_WARN_BOOL_CONVERSION = YES;
				CLANG_WARN_COMMA = YES;
				CLANG_WARN_CONSTANT_CONVERSION = YES;
				CLANG_WARN_DEPRECATED_OBJC_IMPLEMENTATIONS = YES;
				CLANG_WARN_DIRECT_OBJC_ISA_USAGE = YES_ERROR;
				CLANG_WARN_DOCUMENTATION_COMMENTS = YES;
				CLANG_WARN_EMPTY_BODY = YES;
				CLANG_WARN_ENUM_CONVERSION = YES;
				CLANG_WARN_INFINITE_RECURSION = YES;
				CLANG_WARN_INT_CONVERSION = YES;
				CLANG_WARN_NON_LITERAL_NULL_CONVERSION = YES;
				CLANG_WARN_OBJC_IMPLICIT_RETAIN_SELF = YES;
				CLANG_WARN_OBJC_LITERAL_CONVERSION = YES;
				CLANG_WARN_OBJC_ROOT_CLASS = YES_ERROR;
				CLANG_WARN_QUOTED_INCLUDE_IN_FRAMEWORK_HEADER = YES;
				CLANG_WARN_RANGE_LOOP_ANALYSIS = YES;
				CLANG_WARN_STRICT_PROTOTYPES = YES;
				CLANG_WARN_SUSPICIOUS_MOVE = YES;
				CLANG_WARN_UNGUARDED_AVAILABILITY = YES_AGGRESSIVE;
				CLANG_WARN_UNREACHABLE_CODE = YES;
				CLANG_WARN__DUPLICATE_METHOD_MATCH = YES;
				COPY_PHASE_STRIP = NO;
				DEBUG_INFORMATION_FORMAT = "dwarf-with-dsym";
				ENABLE_NS_ASSERTIONS = NO;
				ENABLE_STRICT_OBJC_MSGSEND = YES;
				ENABLE_USER_SCRIPT_SANDBOXING = YES;
				GCC_C_LANGUAGE_STANDARD = gnu17;
				GCC_NO_COMMON_BLOCKS = YES;
				GCC_WARN_64_TO_32_BIT_CONVERSION = YES;
				GCC_WARN_ABOUT_RETURN_TYPE = YES_ERROR;
				GCC_WARN_UNDECLARED_SELECTOR = YES;
				GCC_WARN_UNINITIALIZED_AUTOS = YES_AGGRESSIVE;
				GCC_WARN_UNUSED_FUNCTION = YES;
				GCC_WARN_UNUSED_VARIABLE = YES;
				LOCALIZATION_PREFERS_STRING_CATALOGS = YES;
				MACOSX_DEPLOYMENT_TARGET = 14.0;
				MTL_ENABLE_DEBUG_INFO = NO;
				MTL_FAST_MATH = YES;
				SDKROOT = macosx;
			};
			name = Release;
		};
		0BC283DC2B011A5400B10B33 /* Debug */ = {
			isa = XCBuildConfiguration;
			buildSettings = {
				CODE_SIGN_STYLE = Automatic;
				DEVELOPMENT_TEAM = JB6L28KLBP;
				ENABLE_HARDENED_RUNTIME = YES;
				PRODUCT_NAME = "$(TARGET_NAME)";
			};
			name = Debug;
		};
		0BC283DD2B011A5400B10B33 /* Release */ = {
			isa = XCBuildConfiguration;
			buildSettings = {
				CODE_SIGN_STYLE = Automatic;
				DEVELOPMENT_TEAM = JB6L28KLBP;
				ENABLE_HARDENED_RUNTIME = YES;
				PRODUCT_NAME = "$(TARGET_NAME)";
			};
			name = Release;
		};
/* End XCBuildConfiguration section */

/* Begin XCConfigurationList section */
		0BC283CF2B011A5400B10B33 /* Build configuration list for PBXProject "data_frame" */ = {
			isa = XCConfigurationList;
			buildConfigurations = (
				0BC283D92B011A5400B10B33 /* Debug */,
				0BC283DA2B011A5400B10B33 /* Release */,
			);
			defaultConfigurationIsVisible = 0;
			defaultConfigurationName = Release;
		};
		0BC283DB2B011A5400B10B33 /* Build configuration list for PBXNativeTarget "data_frame" */ = {
			isa = XCConfigurationList;
			buildConfigurations = (
				0BC283DC2B011A5400B10B33 /* Debug */,
				0BC283DD2B011A5400B10B33 /* Release */,
			);
			defaultConfigurationIsVisible = 0;
			defaultConfigurationName = Release;
		};
/* End XCConfigurationList section */
	};
	rootObject = 0BC283CC2B011A5400B10B33 /* Project object */;
}
